<?xml version="1.0" encoding="utf-8"?>
<Project ToolsVersion="4.0" xmlns="http://schemas.microsoft.com/developer/msbuild/2003">
  <ItemGroup>
    <Filter Include="Source Files">
      <UniqueIdentifier>{7857199f-6bc9-41f6-b66a-f9532faec59e}</UniqueIdentifier>
    </Filter>
    <Filter Include="Header Files">
      <UniqueIdentifier>{e9c388cc-c14a-4e44-b7d8-f60ec4acd444}</UniqueIdentifier>
    </Filter>
  </ItemGroup>
  <ItemGroup>
    <ClCompile Include="tweaks.cpp">
      <Filter>Source Files</Filter>
    </ClCompile>
    <ClCompile Include="CExoString.cpp">
      <Filter>Source Files</Filter>
    </ClCompile>
    <ClCompile Include="C2DA.cpp">
      <Filter>Source Files</Filter>
    </ClCompile>
    <ClCompile Include="CResRef.cpp">
      <Filter>Source Files</Filter>
    </ClCompile>
    <ClCompile Include="Gob.cpp">
      <Filter>Source Files</Filter>
    </ClCompile>
  </ItemGroup>
  <ItemGroup>
    <ClInclude Include="CExoString.h">
      <Filter>Header Files</Filter>
    </ClInclude>
    <ClInclude Include="C2DA.h">
      <Filter>Header Files</Filter>
    </ClInclude>
    <ClInclude Include="CResRef.h">
      <Filter>Header Files</Filter>
    </ClInclude>
    <ClInclude Include="Gob.h">
      <Filter>Header Files</Filter>
    </ClInclude>
  </ItemGroup>
  <ItemGroup>
    <MASM Include="symbols.asm">
      <Filter>Source Files</Filter>
    </MASM>
  </ItemGroup>
</Project>